// !$*UTF8*$!
{
	archiveVersion = 1;
	classes = {
	};
	objectVersion = 50;
	objects = {

/* Begin PBXBuildFile section */
		D1245F762554834400B35AD3 /* DeckService.swift in Sources */ = {isa = PBXBuildFile; fileRef = D1245F752554834400B35AD3 /* DeckService.swift */; };
		D1344D722553393E00B00C7E /* AppDelegate.swift in Sources */ = {isa = PBXBuildFile; fileRef = D1344D712553393E00B00C7E /* AppDelegate.swift */; };
		D1344D742553393E00B00C7E /* SceneDelegate.swift in Sources */ = {isa = PBXBuildFile; fileRef = D1344D732553393E00B00C7E /* SceneDelegate.swift */; };
		D1344D7B2553394000B00C7E /* Assets.xcassets in Resources */ = {isa = PBXBuildFile; fileRef = D1344D7A2553394000B00C7E /* Assets.xcassets */; };
		D1344D7E2553394000B00C7E /* LaunchScreen.storyboard in Resources */ = {isa = PBXBuildFile; fileRef = D1344D7C2553394000B00C7E /* LaunchScreen.storyboard */; };
		D1344D892553394000B00C7E /* DeckCardsTests.swift in Sources */ = {isa = PBXBuildFile; fileRef = D1344D882553394000B00C7E /* DeckCardsTests.swift */; };
		D1344D942553394000B00C7E /* DeckCardsUITests.swift in Sources */ = {isa = PBXBuildFile; fileRef = D1344D932553394000B00C7E /* DeckCardsUITests.swift */; };
		D1344DA7255340AF00B00C7E /* DeckCardsViewController.swift in Sources */ = {isa = PBXBuildFile; fileRef = D1344DA5255340AF00B00C7E /* DeckCardsViewController.swift */; };
		D1344DA8255340AF00B00C7E /* DeckCardsViewController.xib in Resources */ = {isa = PBXBuildFile; fileRef = D1344DA6255340AF00B00C7E /* DeckCardsViewController.xib */; };
		D1344DAE25535F0200B00C7E /* CardsView.swift in Sources */ = {isa = PBXBuildFile; fileRef = D1344DAD25535F0200B00C7E /* CardsView.swift */; };
		D1344DB025535F1500B00C7E /* CardsView.xib in Resources */ = {isa = PBXBuildFile; fileRef = D1344DAF25535F1500B00C7E /* CardsView.xib */; };
		D1344DB32553602900B00C7E /* CardsViewCell.swift in Sources */ = {isa = PBXBuildFile; fileRef = D1344DB12553602900B00C7E /* CardsViewCell.swift */; };
		D1344DB42553602900B00C7E /* CardsViewCell.xib in Resources */ = {isa = PBXBuildFile; fileRef = D1344DB22553602900B00C7E /* CardsViewCell.xib */; };
		D1344DB8255396C900B00C7E /* SubmitFooterView.swift in Sources */ = {isa = PBXBuildFile; fileRef = D1344DB7255396C900B00C7E /* SubmitFooterView.swift */; };
		D1344DBA2553970A00B00C7E /* SubmitFooterView.xib in Resources */ = {isa = PBXBuildFile; fileRef = D1344DB92553970A00B00C7E /* SubmitFooterView.xib */; };
		D1344DC22553A6D700B00C7E /* DeckCardsViewModel.swift in Sources */ = {isa = PBXBuildFile; fileRef = D1344DC12553A6D700B00C7E /* DeckCardsViewModel.swift */; };
		D1344DC52553AE7400B00C7E /* RotationCardViewCell.swift in Sources */ = {isa = PBXBuildFile; fileRef = D1344DC32553AE7400B00C7E /* RotationCardViewCell.swift */; };
		D1344DC62553AE7400B00C7E /* RotationCardViewCell.xib in Resources */ = {isa = PBXBuildFile; fileRef = D1344DC42553AE7400B00C7E /* RotationCardViewCell.xib */; };
		D1D6C9882553B68E00AF4BD6 /* DeckCardsCoordinator.swift in Sources */ = {isa = PBXBuildFile; fileRef = D1D6C9872553B68E00AF4BD6 /* DeckCardsCoordinator.swift */; };
		D1D6C98D2553B9EE00AF4BD6 /* DeckInfoViewController.swift in Sources */ = {isa = PBXBuildFile; fileRef = D1D6C98B2553B9EE00AF4BD6 /* DeckInfoViewController.swift */; };
		D1D6C98E2553B9EE00AF4BD6 /* DeckInfoViewController.xib in Resources */ = {isa = PBXBuildFile; fileRef = D1D6C98C2553B9EE00AF4BD6 /* DeckInfoViewController.xib */; };
		D1D6C9912553BB3F00AF4BD6 /* CardsOrderViewCell.swift in Sources */ = {isa = PBXBuildFile; fileRef = D1D6C98F2553BB3F00AF4BD6 /* CardsOrderViewCell.swift */; };
		D1D6C9922553BB3F00AF4BD6 /* CardsOrderViewCell.xib in Resources */ = {isa = PBXBuildFile; fileRef = D1D6C9902553BB3F00AF4BD6 /* CardsOrderViewCell.xib */; };
		D1D6C9952553BC7100AF4BD6 /* HighestValueViewCell.swift in Sources */ = {isa = PBXBuildFile; fileRef = D1D6C9932553BC7100AF4BD6 /* HighestValueViewCell.swift */; };
		D1D6C9962553BC7100AF4BD6 /* HighestValueViewCell.xib in Resources */ = {isa = PBXBuildFile; fileRef = D1D6C9942553BC7100AF4BD6 /* HighestValueViewCell.xib */; };
		D1D6C9992553BD2900AF4BD6 /* CombinationsViewCell.swift in Sources */ = {isa = PBXBuildFile; fileRef = D1D6C9972553BD2900AF4BD6 /* CombinationsViewCell.swift */; };
		D1D6C99A2553BD2900AF4BD6 /* CombinationsViewCell.xib in Resources */ = {isa = PBXBuildFile; fileRef = D1D6C9982553BD2900AF4BD6 /* CombinationsViewCell.xib */; };
		D1D6C9B02553C76900AF4BD6 /* APIBase.swift in Sources */ = {isa = PBXBuildFile; fileRef = D1D6C9AF2553C76900AF4BD6 /* APIBase.swift */; };
		D1D6C9B22553C7D200AF4BD6 /* HTTPMethod.swift in Sources */ = {isa = PBXBuildFile; fileRef = D1D6C9B12553C7D100AF4BD6 /* HTTPMethod.swift */; };
		D1D6C9B42553C81400AF4BD6 /* HTTPTask.swift in Sources */ = {isa = PBXBuildFile; fileRef = D1D6C9B32553C81400AF4BD6 /* HTTPTask.swift */; };
		D1D6C9B62553C8B000AF4BD6 /* ParameterEncoding.swift in Sources */ = {isa = PBXBuildFile; fileRef = D1D6C9B52553C8B000AF4BD6 /* ParameterEncoding.swift */; };
		D1D6C9B82553CA5600AF4BD6 /* URLParameterEncoder.swift in Sources */ = {isa = PBXBuildFile; fileRef = D1D6C9B72553CA5600AF4BD6 /* URLParameterEncoder.swift */; };
		D1D6C9BA2553CBA600AF4BD6 /* JSONParameterEncoder.swift in Sources */ = {isa = PBXBuildFile; fileRef = D1D6C9B92553CBA600AF4BD6 /* JSONParameterEncoder.swift */; };
		D1D6C9BC2553CC9000AF4BD6 /* NetworkRouter.swift in Sources */ = {isa = PBXBuildFile; fileRef = D1D6C9BB2553CC9000AF4BD6 /* NetworkRouter.swift */; };
		D1D6C9BE2553CD3300AF4BD6 /* NetworkProvider.swift in Sources */ = {isa = PBXBuildFile; fileRef = D1D6C9BD2553CD3300AF4BD6 /* NetworkProvider.swift */; };
		D1D6C9C02553D0C200AF4BD6 /* NetworkManager.swift in Sources */ = {isa = PBXBuildFile; fileRef = D1D6C9BF2553D0C200AF4BD6 /* NetworkManager.swift */; };
		D1D6C9C925545D3F00AF4BD6 /* DeckModel.swift in Sources */ = {isa = PBXBuildFile; fileRef = D1D6C9C825545D3F00AF4BD6 /* DeckModel.swift */; };
		D1D6C9CB25545D7400AF4BD6 /* CardsDetailsModel.swift in Sources */ = {isa = PBXBuildFile; fileRef = D1D6C9CA25545D7400AF4BD6 /* CardsDetailsModel.swift */; };
		D1D6C9CD25545D8A00AF4BD6 /* PilesModel.swift in Sources */ = {isa = PBXBuildFile; fileRef = D1D6C9CC25545D8A00AF4BD6 /* PilesModel.swift */; };
		D1D6C9CF25545D9F00AF4BD6 /* PlayersModel.swift in Sources */ = {isa = PBXBuildFile; fileRef = D1D6C9CE25545D9F00AF4BD6 /* PlayersModel.swift */; };
		D1D6C9D22554657200AF4BD6 /* NetworkLogger.swift in Sources */ = {isa = PBXBuildFile; fileRef = D1D6C9D12554657200AF4BD6 /* NetworkLogger.swift */; };
		D1D6C9D42554713F00AF4BD6 /* APIDeckBuilder.swift in Sources */ = {isa = PBXBuildFile; fileRef = D1D6C9D32554713F00AF4BD6 /* APIDeckBuilder.swift */; };
/* End PBXBuildFile section */

/* Begin PBXContainerItemProxy section */
		D1344D852553394000B00C7E /* PBXContainerItemProxy */ = {
			isa = PBXContainerItemProxy;
			containerPortal = D1344D662553393E00B00C7E /* Project object */;
			proxyType = 1;
			remoteGlobalIDString = D1344D6D2553393E00B00C7E;
			remoteInfo = DeckCards;
		};
		D1344D902553394000B00C7E /* PBXContainerItemProxy */ = {
			isa = PBXContainerItemProxy;
			containerPortal = D1344D662553393E00B00C7E /* Project object */;
			proxyType = 1;
			remoteGlobalIDString = D1344D6D2553393E00B00C7E;
			remoteInfo = DeckCards;
		};
/* End PBXContainerItemProxy section */

/* Begin PBXFileReference section */
		D1245F752554834400B35AD3 /* DeckService.swift */ = {isa = PBXFileReference; lastKnownFileType = sourcecode.swift; path = DeckService.swift; sourceTree = "<group>"; };
		D1344D6E2553393E00B00C7E /* DeckCards.app */ = {isa = PBXFileReference; explicitFileType = wrapper.application; includeInIndex = 0; path = DeckCards.app; sourceTree = BUILT_PRODUCTS_DIR; };
		D1344D712553393E00B00C7E /* AppDelegate.swift */ = {isa = PBXFileReference; lastKnownFileType = sourcecode.swift; path = AppDelegate.swift; sourceTree = "<group>"; };
		D1344D732553393E00B00C7E /* SceneDelegate.swift */ = {isa = PBXFileReference; lastKnownFileType = sourcecode.swift; path = SceneDelegate.swift; sourceTree = "<group>"; };
		D1344D7A2553394000B00C7E /* Assets.xcassets */ = {isa = PBXFileReference; lastKnownFileType = folder.assetcatalog; path = Assets.xcassets; sourceTree = "<group>"; };
		D1344D7D2553394000B00C7E /* Base */ = {isa = PBXFileReference; lastKnownFileType = file.storyboard; name = Base; path = Base.lproj/LaunchScreen.storyboard; sourceTree = "<group>"; };
		D1344D7F2553394000B00C7E /* Info.plist */ = {isa = PBXFileReference; lastKnownFileType = text.plist.xml; path = Info.plist; sourceTree = "<group>"; };
		D1344D842553394000B00C7E /* DeckCardsTests.xctest */ = {isa = PBXFileReference; explicitFileType = wrapper.cfbundle; includeInIndex = 0; path = DeckCardsTests.xctest; sourceTree = BUILT_PRODUCTS_DIR; };
		D1344D882553394000B00C7E /* DeckCardsTests.swift */ = {isa = PBXFileReference; lastKnownFileType = sourcecode.swift; path = DeckCardsTests.swift; sourceTree = "<group>"; };
		D1344D8A2553394000B00C7E /* Info.plist */ = {isa = PBXFileReference; lastKnownFileType = text.plist.xml; path = Info.plist; sourceTree = "<group>"; };
		D1344D8F2553394000B00C7E /* DeckCardsUITests.xctest */ = {isa = PBXFileReference; explicitFileType = wrapper.cfbundle; includeInIndex = 0; path = DeckCardsUITests.xctest; sourceTree = BUILT_PRODUCTS_DIR; };
		D1344D932553394000B00C7E /* DeckCardsUITests.swift */ = {isa = PBXFileReference; lastKnownFileType = sourcecode.swift; path = DeckCardsUITests.swift; sourceTree = "<group>"; };
		D1344D952553394000B00C7E /* Info.plist */ = {isa = PBXFileReference; lastKnownFileType = text.plist.xml; path = Info.plist; sourceTree = "<group>"; };
		D1344DA5255340AF00B00C7E /* DeckCardsViewController.swift */ = {isa = PBXFileReference; lastKnownFileType = sourcecode.swift; path = DeckCardsViewController.swift; sourceTree = "<group>"; };
		D1344DA6255340AF00B00C7E /* DeckCardsViewController.xib */ = {isa = PBXFileReference; lastKnownFileType = file.xib; path = DeckCardsViewController.xib; sourceTree = "<group>"; };
		D1344DAD25535F0200B00C7E /* CardsView.swift */ = {isa = PBXFileReference; lastKnownFileType = sourcecode.swift; path = CardsView.swift; sourceTree = "<group>"; };
		D1344DAF25535F1500B00C7E /* CardsView.xib */ = {isa = PBXFileReference; lastKnownFileType = file.xib; path = CardsView.xib; sourceTree = "<group>"; };
		D1344DB12553602900B00C7E /* CardsViewCell.swift */ = {isa = PBXFileReference; lastKnownFileType = sourcecode.swift; path = CardsViewCell.swift; sourceTree = "<group>"; };
		D1344DB22553602900B00C7E /* CardsViewCell.xib */ = {isa = PBXFileReference; lastKnownFileType = file.xib; path = CardsViewCell.xib; sourceTree = "<group>"; };
		D1344DB7255396C900B00C7E /* SubmitFooterView.swift */ = {isa = PBXFileReference; lastKnownFileType = sourcecode.swift; path = SubmitFooterView.swift; sourceTree = "<group>"; };
		D1344DB92553970A00B00C7E /* SubmitFooterView.xib */ = {isa = PBXFileReference; lastKnownFileType = file.xib; path = SubmitFooterView.xib; sourceTree = "<group>"; };
		D1344DC12553A6D700B00C7E /* DeckCardsViewModel.swift */ = {isa = PBXFileReference; lastKnownFileType = sourcecode.swift; path = DeckCardsViewModel.swift; sourceTree = "<group>"; };
		D1344DC32553AE7400B00C7E /* RotationCardViewCell.swift */ = {isa = PBXFileReference; lastKnownFileType = sourcecode.swift; path = RotationCardViewCell.swift; sourceTree = "<group>"; };
		D1344DC42553AE7400B00C7E /* RotationCardViewCell.xib */ = {isa = PBXFileReference; lastKnownFileType = file.xib; path = RotationCardViewCell.xib; sourceTree = "<group>"; };
		D1D6C9872553B68E00AF4BD6 /* DeckCardsCoordinator.swift */ = {isa = PBXFileReference; lastKnownFileType = sourcecode.swift; path = DeckCardsCoordinator.swift; sourceTree = "<group>"; };
		D1D6C98B2553B9EE00AF4BD6 /* DeckInfoViewController.swift */ = {isa = PBXFileReference; lastKnownFileType = sourcecode.swift; path = DeckInfoViewController.swift; sourceTree = "<group>"; };
		D1D6C98C2553B9EE00AF4BD6 /* DeckInfoViewController.xib */ = {isa = PBXFileReference; lastKnownFileType = file.xib; path = DeckInfoViewController.xib; sourceTree = "<group>"; };
		D1D6C98F2553BB3F00AF4BD6 /* CardsOrderViewCell.swift */ = {isa = PBXFileReference; lastKnownFileType = sourcecode.swift; path = CardsOrderViewCell.swift; sourceTree = "<group>"; };
		D1D6C9902553BB3F00AF4BD6 /* CardsOrderViewCell.xib */ = {isa = PBXFileReference; lastKnownFileType = file.xib; path = CardsOrderViewCell.xib; sourceTree = "<group>"; };
		D1D6C9932553BC7100AF4BD6 /* HighestValueViewCell.swift */ = {isa = PBXFileReference; lastKnownFileType = sourcecode.swift; path = HighestValueViewCell.swift; sourceTree = "<group>"; };
		D1D6C9942553BC7100AF4BD6 /* HighestValueViewCell.xib */ = {isa = PBXFileReference; lastKnownFileType = file.xib; path = HighestValueViewCell.xib; sourceTree = "<group>"; };
		D1D6C9972553BD2900AF4BD6 /* CombinationsViewCell.swift */ = {isa = PBXFileReference; lastKnownFileType = sourcecode.swift; path = CombinationsViewCell.swift; sourceTree = "<group>"; };
		D1D6C9982553BD2900AF4BD6 /* CombinationsViewCell.xib */ = {isa = PBXFileReference; lastKnownFileType = file.xib; path = CombinationsViewCell.xib; sourceTree = "<group>"; };
		D1D6C9AF2553C76900AF4BD6 /* APIBase.swift */ = {isa = PBXFileReference; lastKnownFileType = sourcecode.swift; path = APIBase.swift; sourceTree = "<group>"; };
		D1D6C9B12553C7D100AF4BD6 /* HTTPMethod.swift */ = {isa = PBXFileReference; lastKnownFileType = sourcecode.swift; path = HTTPMethod.swift; sourceTree = "<group>"; };
		D1D6C9B32553C81400AF4BD6 /* HTTPTask.swift */ = {isa = PBXFileReference; lastKnownFileType = sourcecode.swift; path = HTTPTask.swift; sourceTree = "<group>"; };
		D1D6C9B52553C8B000AF4BD6 /* ParameterEncoding.swift */ = {isa = PBXFileReference; lastKnownFileType = sourcecode.swift; path = ParameterEncoding.swift; sourceTree = "<group>"; };
		D1D6C9B72553CA5600AF4BD6 /* URLParameterEncoder.swift */ = {isa = PBXFileReference; lastKnownFileType = sourcecode.swift; path = URLParameterEncoder.swift; sourceTree = "<group>"; };
		D1D6C9B92553CBA600AF4BD6 /* JSONParameterEncoder.swift */ = {isa = PBXFileReference; lastKnownFileType = sourcecode.swift; path = JSONParameterEncoder.swift; sourceTree = "<group>"; };
		D1D6C9BB2553CC9000AF4BD6 /* NetworkRouter.swift */ = {isa = PBXFileReference; lastKnownFileType = sourcecode.swift; path = NetworkRouter.swift; sourceTree = "<group>"; };
		D1D6C9BD2553CD3300AF4BD6 /* NetworkProvider.swift */ = {isa = PBXFileReference; lastKnownFileType = sourcecode.swift; path = NetworkProvider.swift; sourceTree = "<group>"; };
		D1D6C9BF2553D0C200AF4BD6 /* NetworkManager.swift */ = {isa = PBXFileReference; lastKnownFileType = sourcecode.swift; path = NetworkManager.swift; sourceTree = "<group>"; };
		D1D6C9C825545D3F00AF4BD6 /* DeckModel.swift */ = {isa = PBXFileReference; lastKnownFileType = sourcecode.swift; path = DeckModel.swift; sourceTree = "<group>"; };
		D1D6C9CA25545D7400AF4BD6 /* CardsDetailsModel.swift */ = {isa = PBXFileReference; lastKnownFileType = sourcecode.swift; path = CardsDetailsModel.swift; sourceTree = "<group>"; };
		D1D6C9CC25545D8A00AF4BD6 /* PilesModel.swift */ = {isa = PBXFileReference; lastKnownFileType = sourcecode.swift; path = PilesModel.swift; sourceTree = "<group>"; };
		D1D6C9CE25545D9F00AF4BD6 /* PlayersModel.swift */ = {isa = PBXFileReference; lastKnownFileType = sourcecode.swift; path = PlayersModel.swift; sourceTree = "<group>"; };
		D1D6C9D12554657200AF4BD6 /* NetworkLogger.swift */ = {isa = PBXFileReference; lastKnownFileType = sourcecode.swift; path = NetworkLogger.swift; sourceTree = "<group>"; };
		D1D6C9D32554713F00AF4BD6 /* APIDeckBuilder.swift */ = {isa = PBXFileReference; fileEncoding = 4; lastKnownFileType = sourcecode.swift; path = APIDeckBuilder.swift; sourceTree = "<group>"; };
/* End PBXFileReference section */

/* Begin PBXFrameworksBuildPhase section */
		D1344D6B2553393E00B00C7E /* Frameworks */ = {
			isa = PBXFrameworksBuildPhase;
			buildActionMask = 2147483647;
			files = (
			);
			runOnlyForDeploymentPostprocessing = 0;
		};
		D1344D812553394000B00C7E /* Frameworks */ = {
			isa = PBXFrameworksBuildPhase;
			buildActionMask = 2147483647;
			files = (
			);
			runOnlyForDeploymentPostprocessing = 0;
		};
		D1344D8C2553394000B00C7E /* Frameworks */ = {
			isa = PBXFrameworksBuildPhase;
			buildActionMask = 2147483647;
			files = (
			);
			runOnlyForDeploymentPostprocessing = 0;
		};
/* End PBXFrameworksBuildPhase section */

/* Begin PBXGroup section */
		D1344D652553393E00B00C7E = {
			isa = PBXGroup;
			children = (
				D1344D702553393E00B00C7E /* DeckCards */,
				D1344D872553394000B00C7E /* DeckCardsTests */,
				D1344D922553394000B00C7E /* DeckCardsUITests */,
				D1344D6F2553393E00B00C7E /* Products */,
			);
			sourceTree = "<group>";
		};
		D1344D6F2553393E00B00C7E /* Products */ = {
			isa = PBXGroup;
			children = (
				D1344D6E2553393E00B00C7E /* DeckCards.app */,
				D1344D842553394000B00C7E /* DeckCardsTests.xctest */,
				D1344D8F2553394000B00C7E /* DeckCardsUITests.xctest */,
			);
			name = Products;
			sourceTree = "<group>";
		};
		D1344D702553393E00B00C7E /* DeckCards */ = {
			isa = PBXGroup;
			children = (
				D1D6C9C625545D2600AF4BD6 /* Model */,
				D1D6C9A92553C71F00AF4BD6 /* Networking */,
				D1D6C9A82553C6CF00AF4BD6 /* Application */,
				D1D6C98A2553B97700AF4BD6 /* DeckInfo */,
				D1D6C9892553B91600AF4BD6 /* NewDeck */,
				D1344D7A2553394000B00C7E /* Assets.xcassets */,
				D1344D7C2553394000B00C7E /* LaunchScreen.storyboard */,
				D1344D7F2553394000B00C7E /* Info.plist */,
			);
			path = DeckCards;
			sourceTree = "<group>";
		};
		D1344D872553394000B00C7E /* DeckCardsTests */ = {
			isa = PBXGroup;
			children = (
				D1344D882553394000B00C7E /* DeckCardsTests.swift */,
				D1344D8A2553394000B00C7E /* Info.plist */,
			);
			path = DeckCardsTests;
			sourceTree = "<group>";
		};
		D1344D922553394000B00C7E /* DeckCardsUITests */ = {
			isa = PBXGroup;
			children = (
				D1344D932553394000B00C7E /* DeckCardsUITests.swift */,
				D1344D952553394000B00C7E /* Info.plist */,
			);
			path = DeckCardsUITests;
			sourceTree = "<group>";
		};
		D1344DBB2553A4FF00B00C7E /* ViewModel */ = {
			isa = PBXGroup;
			children = (
				D1344DC12553A6D700B00C7E /* DeckCardsViewModel.swift */,
			);
			path = ViewModel;
			sourceTree = "<group>";
		};
		D1344DBC2553A51800B00C7E /* View */ = {
			isa = PBXGroup;
			children = (
				D1344DC02553A56300B00C7E /* Views */,
				D1344DBF2553A53A00B00C7E /* Cells */,
				D1344DA5255340AF00B00C7E /* DeckCardsViewController.swift */,
				D1344DA6255340AF00B00C7E /* DeckCardsViewController.xib */,
			);
			path = View;
			sourceTree = "<group>";
		};
		D1344DBD2553A52500B00C7E /* Model */ = {
			isa = PBXGroup;
			children = (
			);
			path = Model;
			sourceTree = "<group>";
		};
		D1344DBE2553A52D00B00C7E /* Coordinator */ = {
			isa = PBXGroup;
			children = (
				D1D6C9872553B68E00AF4BD6 /* DeckCardsCoordinator.swift */,
			);
			path = Coordinator;
			sourceTree = "<group>";
		};
		D1344DBF2553A53A00B00C7E /* Cells */ = {
			isa = PBXGroup;
			children = (
				D1344DB12553602900B00C7E /* CardsViewCell.swift */,
				D1344DB22553602900B00C7E /* CardsViewCell.xib */,
				D1344DC32553AE7400B00C7E /* RotationCardViewCell.swift */,
				D1344DC42553AE7400B00C7E /* RotationCardViewCell.xib */,
			);
			path = Cells;
			sourceTree = "<group>";
		};
		D1344DC02553A56300B00C7E /* Views */ = {
			isa = PBXGroup;
			children = (
				D1344DB92553970A00B00C7E /* SubmitFooterView.xib */,
				D1344DB7255396C900B00C7E /* SubmitFooterView.swift */,
				D1344DAD25535F0200B00C7E /* CardsView.swift */,
				D1344DAF25535F1500B00C7E /* CardsView.xib */,
			);
			path = Views;
			sourceTree = "<group>";
		};
		D1D6C9892553B91600AF4BD6 /* NewDeck */ = {
			isa = PBXGroup;
			children = (
				D1344DBE2553A52D00B00C7E /* Coordinator */,
				D1344DBD2553A52500B00C7E /* Model */,
				D1344DBC2553A51800B00C7E /* View */,
				D1344DBB2553A4FF00B00C7E /* ViewModel */,
			);
			path = NewDeck;
			sourceTree = "<group>";
		};
		D1D6C98A2553B97700AF4BD6 /* DeckInfo */ = {
			isa = PBXGroup;
			children = (
				D1D6C99E2553C50200AF4BD6 /* Coordinator */,
				D1D6C99D2553C4FE00AF4BD6 /* Model */,
				D1D6C99C2553C4F600AF4BD6 /* View */,
				D1D6C99B2553C4E400AF4BD6 /* ViewModel */,
			);
			path = DeckInfo;
			sourceTree = "<group>";
		};
		D1D6C99B2553C4E400AF4BD6 /* ViewModel */ = {
			isa = PBXGroup;
			children = (
			);
			path = ViewModel;
			sourceTree = "<group>";
		};
		D1D6C99C2553C4F600AF4BD6 /* View */ = {
			isa = PBXGroup;
			children = (
				D1D6C99F2553C51C00AF4BD6 /* Cells */,
				D1D6C98B2553B9EE00AF4BD6 /* DeckInfoViewController.swift */,
				D1D6C98C2553B9EE00AF4BD6 /* DeckInfoViewController.xib */,
			);
			path = View;
			sourceTree = "<group>";
		};
		D1D6C99D2553C4FE00AF4BD6 /* Model */ = {
			isa = PBXGroup;
			children = (
			);
			path = Model;
			sourceTree = "<group>";
		};
		D1D6C99E2553C50200AF4BD6 /* Coordinator */ = {
			isa = PBXGroup;
			children = (
			);
			path = Coordinator;
			sourceTree = "<group>";
		};
		D1D6C99F2553C51C00AF4BD6 /* Cells */ = {
			isa = PBXGroup;
			children = (
				D1D6C9A22553C54F00AF4BD6 /* Combinations */,
				D1D6C9A12553C53E00AF4BD6 /* HighestValue */,
				D1D6C9A02553C53000AF4BD6 /* CardsOrder */,
			);
			path = Cells;
			sourceTree = "<group>";
		};
		D1D6C9A02553C53000AF4BD6 /* CardsOrder */ = {
			isa = PBXGroup;
			children = (
				D1D6C98F2553BB3F00AF4BD6 /* CardsOrderViewCell.swift */,
				D1D6C9902553BB3F00AF4BD6 /* CardsOrderViewCell.xib */,
			);
			path = CardsOrder;
			sourceTree = "<group>";
		};
		D1D6C9A12553C53E00AF4BD6 /* HighestValue */ = {
			isa = PBXGroup;
			children = (
				D1D6C9932553BC7100AF4BD6 /* HighestValueViewCell.swift */,
				D1D6C9942553BC7100AF4BD6 /* HighestValueViewCell.xib */,
			);
			path = HighestValue;
			sourceTree = "<group>";
		};
		D1D6C9A22553C54F00AF4BD6 /* Combinations */ = {
			isa = PBXGroup;
			children = (
				D1D6C9972553BD2900AF4BD6 /* CombinationsViewCell.swift */,
				D1D6C9982553BD2900AF4BD6 /* CombinationsViewCell.xib */,
			);
			path = Combinations;
			sourceTree = "<group>";
		};
		D1D6C9A82553C6CF00AF4BD6 /* Application */ = {
			isa = PBXGroup;
			children = (
				D1344D712553393E00B00C7E /* AppDelegate.swift */,
				D1344D732553393E00B00C7E /* SceneDelegate.swift */,
			);
			path = Application;
			sourceTree = "<group>";
		};
		D1D6C9A92553C71F00AF4BD6 /* Networking */ = {
			isa = PBXGroup;
			children = (
				D1D6C9C12553D4CB00AF4BD6 /* APIDeckBuilder */,
				D1D6C9AD2553C73A00AF4BD6 /* Encoding */,
				D1D6C9AC2553C73400AF4BD6 /* Service */,
				D1D6C9AB2553C73000AF4BD6 /* Manager */,
				D1D6C9AA2553C72900AF4BD6 /* EndPoint */,
			);
			path = Networking;
			sourceTree = "<group>";
		};
		D1D6C9AA2553C72900AF4BD6 /* EndPoint */ = {
			isa = PBXGroup;
			children = (
				D1D6C9AF2553C76900AF4BD6 /* APIBase.swift */,
			);
			path = EndPoint;
			sourceTree = "<group>";
		};
		D1D6C9AB2553C73000AF4BD6 /* Manager */ = {
			isa = PBXGroup;
			children = (
				D1D6C9BF2553D0C200AF4BD6 /* NetworkManager.swift */,
			);
			path = Manager;
			sourceTree = "<group>";
		};
		D1D6C9AC2553C73400AF4BD6 /* Service */ = {
			isa = PBXGroup;
			children = (
				D1D6C9D02554623100AF4BD6 /* Protocols */,
				D1D6C9B12553C7D100AF4BD6 /* HTTPMethod.swift */,
				D1D6C9B32553C81400AF4BD6 /* HTTPTask.swift */,
				D1D6C9BD2553CD3300AF4BD6 /* NetworkProvider.swift */,
				D1D6C9D12554657200AF4BD6 /* NetworkLogger.swift */,
				D1245F752554834400B35AD3 /* DeckService.swift */,
			);
			path = Service;
			sourceTree = "<group>";
		};
		D1D6C9AD2553C73A00AF4BD6 /* Encoding */ = {
			isa = PBXGroup;
			children = (
				D1D6C9B52553C8B000AF4BD6 /* ParameterEncoding.swift */,
				D1D6C9B72553CA5600AF4BD6 /* URLParameterEncoder.swift */,
				D1D6C9B92553CBA600AF4BD6 /* JSONParameterEncoder.swift */,
			);
			path = Encoding;
			sourceTree = "<group>";
		};
		D1D6C9C12553D4CB00AF4BD6 /* APIDeckBuilder */ = {
			isa = PBXGroup;
			children = (
				D1D6C9D32554713F00AF4BD6 /* APIDeckBuilder.swift */,
			);
			path = APIDeckBuilder;
			sourceTree = "<group>";
		};
		D1D6C9C625545D2600AF4BD6 /* Model */ = {
			isa = PBXGroup;
			children = (
				D1D6C9C825545D3F00AF4BD6 /* DeckModel.swift */,
				D1D6C9CA25545D7400AF4BD6 /* CardsDetailsModel.swift */,
				D1D6C9CC25545D8A00AF4BD6 /* PilesModel.swift */,
				D1D6C9CE25545D9F00AF4BD6 /* PlayersModel.swift */,
			);
			path = Model;
			sourceTree = "<group>";
		};
		D1D6C9D02554623100AF4BD6 /* Protocols */ = {
			isa = PBXGroup;
			children = (
				D1D6C9BB2553CC9000AF4BD6 /* NetworkRouter.swift */,
			);
			path = Protocols;
			sourceTree = "<group>";
		};
/* End PBXGroup section */

/* Begin PBXNativeTarget section */
		D1344D6D2553393E00B00C7E /* DeckCards */ = {
			isa = PBXNativeTarget;
			buildConfigurationList = D1344D982553394000B00C7E /* Build configuration list for PBXNativeTarget "DeckCards" */;
			buildPhases = (
				D1344D6A2553393E00B00C7E /* Sources */,
				D1344D6B2553393E00B00C7E /* Frameworks */,
				D1344D6C2553393E00B00C7E /* Resources */,
			);
			buildRules = (
			);
			dependencies = (
			);
			name = DeckCards;
			productName = DeckCards;
			productReference = D1344D6E2553393E00B00C7E /* DeckCards.app */;
			productType = "com.apple.product-type.application";
		};
		D1344D832553394000B00C7E /* DeckCardsTests */ = {
			isa = PBXNativeTarget;
			buildConfigurationList = D1344D9B2553394000B00C7E /* Build configuration list for PBXNativeTarget "DeckCardsTests" */;
			buildPhases = (
				D1344D802553394000B00C7E /* Sources */,
				D1344D812553394000B00C7E /* Frameworks */,
				D1344D822553394000B00C7E /* Resources */,
			);
			buildRules = (
			);
			dependencies = (
				D1344D862553394000B00C7E /* PBXTargetDependency */,
			);
			name = DeckCardsTests;
			productName = DeckCardsTests;
			productReference = D1344D842553394000B00C7E /* DeckCardsTests.xctest */;
			productType = "com.apple.product-type.bundle.unit-test";
		};
		D1344D8E2553394000B00C7E /* DeckCardsUITests */ = {
			isa = PBXNativeTarget;
			buildConfigurationList = D1344D9E2553394000B00C7E /* Build configuration list for PBXNativeTarget "DeckCardsUITests" */;
			buildPhases = (
				D1344D8B2553394000B00C7E /* Sources */,
				D1344D8C2553394000B00C7E /* Frameworks */,
				D1344D8D2553394000B00C7E /* Resources */,
			);
			buildRules = (
			);
			dependencies = (
				D1344D912553394000B00C7E /* PBXTargetDependency */,
			);
			name = DeckCardsUITests;
			productName = DeckCardsUITests;
			productReference = D1344D8F2553394000B00C7E /* DeckCardsUITests.xctest */;
			productType = "com.apple.product-type.bundle.ui-testing";
		};
/* End PBXNativeTarget section */

/* Begin PBXProject section */
		D1344D662553393E00B00C7E /* Project object */ = {
			isa = PBXProject;
			attributes = {
				LastSwiftUpdateCheck = 1130;
				LastUpgradeCheck = 1130;
				ORGANIZATIONNAME = "Leandro de Sousa";
				TargetAttributes = {
					D1344D6D2553393E00B00C7E = {
						CreatedOnToolsVersion = 11.3.1;
					};
					D1344D832553394000B00C7E = {
						CreatedOnToolsVersion = 11.3.1;
						TestTargetID = D1344D6D2553393E00B00C7E;
					};
					D1344D8E2553394000B00C7E = {
						CreatedOnToolsVersion = 11.3.1;
						TestTargetID = D1344D6D2553393E00B00C7E;
					};
				};
			};
			buildConfigurationList = D1344D692553393E00B00C7E /* Build configuration list for PBXProject "DeckCards" */;
			compatibilityVersion = "Xcode 9.3";
			developmentRegion = en;
			hasScannedForEncodings = 0;
			knownRegions = (
				en,
				Base,
			);
			mainGroup = D1344D652553393E00B00C7E;
			productRefGroup = D1344D6F2553393E00B00C7E /* Products */;
			projectDirPath = "";
			projectRoot = "";
			targets = (
				D1344D6D2553393E00B00C7E /* DeckCards */,
				D1344D832553394000B00C7E /* DeckCardsTests */,
				D1344D8E2553394000B00C7E /* DeckCardsUITests */,
			);
		};
/* End PBXProject section */

/* Begin PBXResourcesBuildPhase section */
		D1344D6C2553393E00B00C7E /* Resources */ = {
			isa = PBXResourcesBuildPhase;
			buildActionMask = 2147483647;
			files = (
				D1344D7E2553394000B00C7E /* LaunchScreen.storyboard in Resources */,
				D1344D7B2553394000B00C7E /* Assets.xcassets in Resources */,
				D1D6C9922553BB3F00AF4BD6 /* CardsOrderViewCell.xib in Resources */,
				D1344DB025535F1500B00C7E /* CardsView.xib in Resources */,
				D1344DA8255340AF00B00C7E /* DeckCardsViewController.xib in Resources */,
				D1344DB42553602900B00C7E /* CardsViewCell.xib in Resources */,
				D1D6C98E2553B9EE00AF4BD6 /* DeckInfoViewController.xib in Resources */,
				D1D6C99A2553BD2900AF4BD6 /* CombinationsViewCell.xib in Resources */,
				D1D6C9962553BC7100AF4BD6 /* HighestValueViewCell.xib in Resources */,
				D1344DC62553AE7400B00C7E /* RotationCardViewCell.xib in Resources */,
				D1344DBA2553970A00B00C7E /* SubmitFooterView.xib in Resources */,
			);
			runOnlyForDeploymentPostprocessing = 0;
		};
		D1344D822553394000B00C7E /* Resources */ = {
			isa = PBXResourcesBuildPhase;
			buildActionMask = 2147483647;
			files = (
			);
			runOnlyForDeploymentPostprocessing = 0;
		};
		D1344D8D2553394000B00C7E /* Resources */ = {
			isa = PBXResourcesBuildPhase;
			buildActionMask = 2147483647;
			files = (
			);
			runOnlyForDeploymentPostprocessing = 0;
		};
/* End PBXResourcesBuildPhase section */

/* Begin PBXSourcesBuildPhase section */
		D1344D6A2553393E00B00C7E /* Sources */ = {
			isa = PBXSourcesBuildPhase;
			buildActionMask = 2147483647;
			files = (
				D1344D722553393E00B00C7E /* AppDelegate.swift in Sources */,
				D1D6C9952553BC7100AF4BD6 /* HighestValueViewCell.swift in Sources */,
				D1344DC22553A6D700B00C7E /* DeckCardsViewModel.swift in Sources */,
				D1344DC52553AE7400B00C7E /* RotationCardViewCell.swift in Sources */,
				D1D6C9C02553D0C200AF4BD6 /* NetworkManager.swift in Sources */,
				D1344DB8255396C900B00C7E /* SubmitFooterView.swift in Sources */,
				D1D6C9D22554657200AF4BD6 /* NetworkLogger.swift in Sources */,
				D1D6C9D42554713F00AF4BD6 /* APIDeckBuilder.swift in Sources */,
				D1D6C9912553BB3F00AF4BD6 /* CardsOrderViewCell.swift in Sources */,
				D1D6C9B02553C76900AF4BD6 /* APIBase.swift in Sources */,
				D1D6C9B62553C8B000AF4BD6 /* ParameterEncoding.swift in Sources */,
				D1D6C9C925545D3F00AF4BD6 /* DeckModel.swift in Sources */,
				D1D6C9B82553CA5600AF4BD6 /* URLParameterEncoder.swift in Sources */,
				D1344D742553393E00B00C7E /* SceneDelegate.swift in Sources */,
				D1245F762554834400B35AD3 /* DeckService.swift in Sources */,
				D1D6C9BE2553CD3300AF4BD6 /* NetworkProvider.swift in Sources */,
				D1D6C9CD25545D8A00AF4BD6 /* PilesModel.swift in Sources */,
				D1D6C9B22553C7D200AF4BD6 /* HTTPMethod.swift in Sources */,
				D1D6C9CB25545D7400AF4BD6 /* CardsDetailsModel.swift in Sources */,
				D1D6C9992553BD2900AF4BD6 /* CombinationsViewCell.swift in Sources */,
				D1344DAE25535F0200B00C7E /* CardsView.swift in Sources */,
				D1344DB32553602900B00C7E /* CardsViewCell.swift in Sources */,
				D1D6C9B42553C81400AF4BD6 /* HTTPTask.swift in Sources */,
				D1D6C9882553B68E00AF4BD6 /* DeckCardsCoordinator.swift in Sources */,
				D1344DA7255340AF00B00C7E /* DeckCardsViewController.swift in Sources */,
				D1D6C9BC2553CC9000AF4BD6 /* NetworkRouter.swift in Sources */,
				D1D6C98D2553B9EE00AF4BD6 /* DeckInfoViewController.swift in Sources */,
				D1D6C9CF25545D9F00AF4BD6 /* PlayersModel.swift in Sources */,
				D1D6C9BA2553CBA600AF4BD6 /* JSONParameterEncoder.swift in Sources */,
			);
			runOnlyForDeploymentPostprocessing = 0;
		};
		D1344D802553394000B00C7E /* Sources */ = {
			isa = PBXSourcesBuildPhase;
			buildActionMask = 2147483647;
			files = (
				D1344D892553394000B00C7E /* DeckCardsTests.swift in Sources */,
			);
			runOnlyForDeploymentPostprocessing = 0;
		};
		D1344D8B2553394000B00C7E /* Sources */ = {
			isa = PBXSourcesBuildPhase;
			buildActionMask = 2147483647;
			files = (
				D1344D942553394000B00C7E /* DeckCardsUITests.swift in Sources */,
			);
			runOnlyForDeploymentPostprocessing = 0;
		};
/* End PBXSourcesBuildPhase section */

/* Begin PBXTargetDependency section */
		D1344D862553394000B00C7E /* PBXTargetDependency */ = {
			isa = PBXTargetDependency;
			target = D1344D6D2553393E00B00C7E /* DeckCards */;
			targetProxy = D1344D852553394000B00C7E /* PBXContainerItemProxy */;
		};
		D1344D912553394000B00C7E /* PBXTargetDependency */ = {
			isa = PBXTargetDependency;
			target = D1344D6D2553393E00B00C7E /* DeckCards */;
			targetProxy = D1344D902553394000B00C7E /* PBXContainerItemProxy */;
		};
/* End PBXTargetDependency section */

/* Begin PBXVariantGroup section */
		D1344D7C2553394000B00C7E /* LaunchScreen.storyboard */ = {
			isa = PBXVariantGroup;
			children = (
				D1344D7D2553394000B00C7E /* Base */,
			);
			name = LaunchScreen.storyboard;
			sourceTree = "<group>";
		};
/* End PBXVariantGroup section */

/* Begin XCBuildConfiguration section */
		D1344D962553394000B00C7E /* Debug */ = {
			isa = XCBuildConfiguration;
			buildSettings = {
				ALWAYS_SEARCH_USER_PATHS = NO;
				CLANG_ANALYZER_NONNULL = YES;
				CLANG_ANALYZER_NUMBER_OBJECT_CONVERSION = YES_AGGRESSIVE;
				CLANG_CXX_LANGUAGE_STANDARD = "gnu++14";
				CLANG_CXX_LIBRARY = "libc++";
				CLANG_ENABLE_MODULES = YES;
				CLANG_ENABLE_OBJC_ARC = YES;
				CLANG_ENABLE_OBJC_WEAK = YES;
				CLANG_WARN_BLOCK_CAPTURE_AUTORELEASING = YES;
				CLANG_WARN_BOOL_CONVERSION = YES;
				CLANG_WARN_COMMA = YES;
				CLANG_WARN_CONSTANT_CONVERSION = YES;
				CLANG_WARN_DEPRECATED_OBJC_IMPLEMENTATIONS = YES;
				CLANG_WARN_DIRECT_OBJC_ISA_USAGE = YES_ERROR;
				CLANG_WARN_DOCUMENTATION_COMMENTS = YES;
				CLANG_WARN_EMPTY_BODY = YES;
				CLANG_WARN_ENUM_CONVERSION = YES;
				CLANG_WARN_INFINITE_RECURSION = YES;
				CLANG_WARN_INT_CONVERSION = YES;
				CLANG_WARN_NON_LITERAL_NULL_CONVERSION = YES;
				CLANG_WARN_OBJC_IMPLICIT_RETAIN_SELF = YES;
				CLANG_WARN_OBJC_LITERAL_CONVERSION = YES;
				CLANG_WARN_OBJC_ROOT_CLASS = YES_ERROR;
				CLANG_WARN_RANGE_LOOP_ANALYSIS = YES;
				CLANG_WARN_STRICT_PROTOTYPES = YES;
				CLANG_WARN_SUSPICIOUS_MOVE = YES;
				CLANG_WARN_UNGUARDED_AVAILABILITY = YES_AGGRESSIVE;
				CLANG_WARN_UNREACHABLE_CODE = YES;
				CLANG_WARN__DUPLICATE_METHOD_MATCH = YES;
				COPY_PHASE_STRIP = NO;
				DEBUG_INFORMATION_FORMAT = dwarf;
				ENABLE_STRICT_OBJC_MSGSEND = YES;
				ENABLE_TESTABILITY = YES;
				GCC_C_LANGUAGE_STANDARD = gnu11;
				GCC_DYNAMIC_NO_PIC = NO;
				GCC_NO_COMMON_BLOCKS = YES;
				GCC_OPTIMIZATION_LEVEL = 0;
				GCC_PREPROCESSOR_DEFINITIONS = (
					"DEBUG=1",
					"$(inherited)",
				);
				GCC_WARN_64_TO_32_BIT_CONVERSION = YES;
				GCC_WARN_ABOUT_RETURN_TYPE = YES_ERROR;
				GCC_WARN_UNDECLARED_SELECTOR = YES;
				GCC_WARN_UNINITIALIZED_AUTOS = YES_AGGRESSIVE;
				GCC_WARN_UNUSED_FUNCTION = YES;
				GCC_WARN_UNUSED_VARIABLE = YES;
				IPHONEOS_DEPLOYMENT_TARGET = 13.2;
				MTL_ENABLE_DEBUG_INFO = INCLUDE_SOURCE;
				MTL_FAST_MATH = YES;
				ONLY_ACTIVE_ARCH = YES;
				SDKROOT = iphoneos;
				SWIFT_ACTIVE_COMPILATION_CONDITIONS = DEBUG;
				SWIFT_OPTIMIZATION_LEVEL = "-Onone";
			};
			name = Debug;
		};
		D1344D972553394000B00C7E /* Release */ = {
			isa = XCBuildConfiguration;
			buildSettings = {
				ALWAYS_SEARCH_USER_PATHS = NO;
				CLANG_ANALYZER_NONNULL = YES;
				CLANG_ANALYZER_NUMBER_OBJECT_CONVERSION = YES_AGGRESSIVE;
				CLANG_CXX_LANGUAGE_STANDARD = "gnu++14";
				CLANG_CXX_LIBRARY = "libc++";
				CLANG_ENABLE_MODULES = YES;
				CLANG_ENABLE_OBJC_ARC = YES;
				CLANG_ENABLE_OBJC_WEAK = YES;
				CLANG_WARN_BLOCK_CAPTURE_AUTORELEASING = YES;
				CLANG_WARN_BOOL_CONVERSION = YES;
				CLANG_WARN_COMMA = YES;
				CLANG_WARN_CONSTANT_CONVERSION = YES;
				CLANG_WARN_DEPRECATED_OBJC_IMPLEMENTATIONS = YES;
				CLANG_WARN_DIRECT_OBJC_ISA_USAGE = YES_ERROR;
				CLANG_WARN_DOCUMENTATION_COMMENTS = YES;
				CLANG_WARN_EMPTY_BODY = YES;
				CLANG_WARN_ENUM_CONVERSION = YES;
				CLANG_WARN_INFINITE_RECURSION = YES;
				CLANG_WARN_INT_CONVERSION = YES;
				CLANG_WARN_NON_LITERAL_NULL_CONVERSION = YES;
				CLANG_WARN_OBJC_IMPLICIT_RETAIN_SELF = YES;
				CLANG_WARN_OBJC_LITERAL_CONVERSION = YES;
				CLANG_WARN_OBJC_ROOT_CLASS = YES_ERROR;
				CLANG_WARN_RANGE_LOOP_ANALYSIS = YES;
				CLANG_WARN_STRICT_PROTOTYPES = YES;
				CLANG_WARN_SUSPICIOUS_MOVE = YES;
				CLANG_WARN_UNGUARDED_AVAILABILITY = YES_AGGRESSIVE;
				CLANG_WARN_UNREACHABLE_CODE = YES;
				CLANG_WARN__DUPLICATE_METHOD_MATCH = YES;
				COPY_PHASE_STRIP = NO;
				DEBUG_INFORMATION_FORMAT = "dwarf-with-dsym";
				ENABLE_NS_ASSERTIONS = NO;
				ENABLE_STRICT_OBJC_MSGSEND = YES;
				GCC_C_LANGUAGE_STANDARD = gnu11;
				GCC_NO_COMMON_BLOCKS = YES;
				GCC_WARN_64_TO_32_BIT_CONVERSION = YES;
				GCC_WARN_ABOUT_RETURN_TYPE = YES_ERROR;
				GCC_WARN_UNDECLARED_SELECTOR = YES;
				GCC_WARN_UNINITIALIZED_AUTOS = YES_AGGRESSIVE;
				GCC_WARN_UNUSED_FUNCTION = YES;
				GCC_WARN_UNUSED_VARIABLE = YES;
				IPHONEOS_DEPLOYMENT_TARGET = 13.2;
				MTL_ENABLE_DEBUG_INFO = NO;
				MTL_FAST_MATH = YES;
				SDKROOT = iphoneos;
				SWIFT_COMPILATION_MODE = wholemodule;
				SWIFT_OPTIMIZATION_LEVEL = "-O";
				VALIDATE_PRODUCT = YES;
			};
			name = Release;
		};
		D1344D992553394000B00C7E /* Debug */ = {
			isa = XCBuildConfiguration;
			buildSettings = {
				ASSETCATALOG_COMPILER_APPICON_NAME = AppIcon;
				CODE_SIGN_STYLE = Automatic;
				DEVELOPMENT_TEAM = 9DHZWNGAC8;
				INFOPLIST_FILE = DeckCards/Info.plist;
				LD_RUNPATH_SEARCH_PATHS = (
					"$(inherited)",
					"@executable_path/Frameworks",
				);
				PRODUCT_BUNDLE_IDENTIFIER = leandroodesousa.DeckCards;
				PRODUCT_NAME = "$(TARGET_NAME)";
				SWIFT_VERSION = 5.0;
				TARGETED_DEVICE_FAMILY = "1,2";
			};
			name = Debug;
		};
		D1344D9A2553394000B00C7E /* Release */ = {
			isa = XCBuildConfiguration;
			buildSettings = {
				ASSETCATALOG_COMPILER_APPICON_NAME = AppIcon;
				CODE_SIGN_STYLE = Automatic;
				DEVELOPMENT_TEAM = 9DHZWNGAC8;
				INFOPLIST_FILE = DeckCards/Info.plist;
				LD_RUNPATH_SEARCH_PATHS = (
					"$(inherited)",
					"@executable_path/Frameworks",
				);
				PRODUCT_BUNDLE_IDENTIFIER = leandroodesousa.DeckCards;
				PRODUCT_NAME = "$(TARGET_NAME)";
				SWIFT_VERSION = 5.0;
				TARGETED_DEVICE_FAMILY = "1,2";
			};
			name = Release;
		};
		D1344D9C2553394000B00C7E /* Debug */ = {
			isa = XCBuildConfiguration;
			buildSettings = {
				ALWAYS_EMBED_SWIFT_STANDARD_LIBRARIES = YES;
				BUNDLE_LOADER = "$(TEST_HOST)";
				CODE_SIGN_STYLE = Automatic;
				DEVELOPMENT_TEAM = 9DHZWNGAC8;
				INFOPLIST_FILE = DeckCardsTests/Info.plist;
				IPHONEOS_DEPLOYMENT_TARGET = 13.2;
				LD_RUNPATH_SEARCH_PATHS = (
					"$(inherited)",
					"@executable_path/Frameworks",
					"@loader_path/Frameworks",
				);
				PRODUCT_BUNDLE_IDENTIFIER = leandroodesousa.DeckCardsTests;
				PRODUCT_NAME = "$(TARGET_NAME)";
				SWIFT_VERSION = 5.0;
				TARGETED_DEVICE_FAMILY = "1,2";
				TEST_HOST = "$(BUILT_PRODUCTS_DIR)/DeckCards.app/DeckCards";
			};
			name = Debug;
		};
		D1344D9D2553394000B00C7E /* Release */ = {
			isa = XCBuildConfiguration;
			buildSettings = {
				ALWAYS_EMBED_SWIFT_STANDARD_LIBRARIES = YES;
				BUNDLE_LOADER = "$(TEST_HOST)";
				CODE_SIGN_STYLE = Automatic;
				DEVELOPMENT_TEAM = 9DHZWNGAC8;
				INFOPLIST_FILE = DeckCardsTests/Info.plist;
				IPHONEOS_DEPLOYMENT_TARGET = 13.2;
				LD_RUNPATH_SEARCH_PATHS = (
					"$(inherited)",
					"@executable_path/Frameworks",
					"@loader_path/Frameworks",
				);
				PRODUCT_BUNDLE_IDENTIFIER = leandroodesousa.DeckCardsTests;
				PRODUCT_NAME = "$(TARGET_NAME)";
				SWIFT_VERSION = 5.0;
				TARGETED_DEVICE_FAMILY = "1,2";
				TEST_HOST = "$(BUILT_PRODUCTS_DIR)/DeckCards.app/DeckCards";
			};
			name = Release;
		};
		D1344D9F2553394000B00C7E /* Debug */ = {
			isa = XCBuildConfiguration;
			buildSettings = {
				ALWAYS_EMBED_SWIFT_STANDARD_LIBRARIES = YES;
				CODE_SIGN_STYLE = Automatic;
				DEVELOPMENT_TEAM = 9DHZWNGAC8;
				INFOPLIST_FILE = DeckCardsUITests/Info.plist;
				LD_RUNPATH_SEARCH_PATHS = (
					"$(inherited)",
					"@executable_path/Frameworks",
					"@loader_path/Frameworks",
				);
				PRODUCT_BUNDLE_IDENTIFIER = leandroodesousa.DeckCardsUITests;
				PRODUCT_NAME = "$(TARGET_NAME)";
				SWIFT_VERSION = 5.0;
				TARGETED_DEVICE_FAMILY = "1,2";
				TEST_TARGET_NAME = DeckCards;
			};
			name = Debug;
		};
		D1344DA02553394000B00C7E /* Release */ = {
			isa = XCBuildConfiguration;
			buildSettings = {
				ALWAYS_EMBED_SWIFT_STANDARD_LIBRARIES = YES;
				CODE_SIGN_STYLE = Automatic;
				DEVELOPMENT_TEAM = 9DHZWNGAC8;
				INFOPLIST_FILE = DeckCardsUITests/Info.plist;
				LD_RUNPATH_SEARCH_PATHS = (
					"$(inherited)",
					"@executable_path/Frameworks",
					"@loader_path/Frameworks",
				);
				PRODUCT_BUNDLE_IDENTIFIER = leandroodesousa.DeckCardsUITests;
				PRODUCT_NAME = "$(TARGET_NAME)";
				SWIFT_VERSION = 5.0;
				TARGETED_DEVICE_FAMILY = "1,2";
				TEST_TARGET_NAME = DeckCards;
			};
			name = Release;
		};
/* End XCBuildConfiguration section */

/* Begin XCConfigurationList section */
		D1344D692553393E00B00C7E /* Build configuration list for PBXProject "DeckCards" */ = {
			isa = XCConfigurationList;
			buildConfigurations = (
				D1344D962553394000B00C7E /* Debug */,
				D1344D972553394000B00C7E /* Release */,
			);
			defaultConfigurationIsVisible = 0;
			defaultConfigurationName = Release;
		};
		D1344D982553394000B00C7E /* Build configuration list for PBXNativeTarget "DeckCards" */ = {
			isa = XCConfigurationList;
			buildConfigurations = (
				D1344D992553394000B00C7E /* Debug */,
				D1344D9A2553394000B00C7E /* Release */,
			);
			defaultConfigurationIsVisible = 0;
			defaultConfigurationName = Release;
		};
		D1344D9B2553394000B00C7E /* Build configuration list for PBXNativeTarget "DeckCardsTests" */ = {
			isa = XCConfigurationList;
			buildConfigurations = (
				D1344D9C2553394000B00C7E /* Debug */,
				D1344D9D2553394000B00C7E /* Release */,
			);
			defaultConfigurationIsVisible = 0;
			defaultConfigurationName = Release;
		};
		D1344D9E2553394000B00C7E /* Build configuration list for PBXNativeTarget "DeckCardsUITests" */ = {
			isa = XCConfigurationList;
			buildConfigurations = (
				D1344D9F2553394000B00C7E /* Debug */,
				D1344DA02553394000B00C7E /* Release */,
			);
			defaultConfigurationIsVisible = 0;
			defaultConfigurationName = Release;
		};
/* End XCConfigurationList section */
	};
	rootObject = D1344D662553393E00B00C7E /* Project object */;
}
